
Microsoft Visual Studio Solution File, Format Version 12.00
# Visual Studio Version 17
VisualStudioVersion = 17.8.34525.116
MinimumVisualStudioVersion = 10.0.40219.1
Project("{FAE04EC0-301F-11D3-BF4B-00C04F79EFBC}") = "Lub 44", "Lub 44\Lub 44.csproj", "{CBF1558E-33AB-4870-9605-F28B5C90B011}"
EndProject
Global
	GlobalSection(SolutionConfigurationPlatforms) = preSolution
		Debug|Any CPU = Debug|Any CPU
		Release|Any CPU = Release|Any CPU
	EndGlobalSection
	GlobalSection(ProjectConfigurationPlatforms) = postSolution
		{CBF1558E-33AB-4870-9605-F28B5C90B011}.Debug|Any CPU.ActiveCfg = Debug|Any CPU
		{CBF1558E-33AB-4870-9605-F28B5C90B011}.Debug|Any CPU.Build.0 = Debug|Any CPU
		{CBF1558E-33AB-4870-9605-F28B5C90B011}.Release|Any CPU.ActiveCfg = Release|Any CPU
		{CBF1558E-33AB-4870-9605-F28B5C90B011}.Release|Any CPU.Build.0 = Release|Any CPU
	EndGlobalSection
	GlobalSection(SolutionProperties) = preSolution
		HideSolutionNode = FALSE
	EndGlobalSection
	GlobalSection(ExtensibilityGlobals) = postSolution
		SolutionGuid = {E9685CA4-3168-4BDF-9B7D-52A9214F6C82}
	EndGlobalSection
EndGlobal
